// !$*UTF8*$!
{
	archiveVersion = 1;
	classes = {
	};
	objectVersion = 50;
	objects = {

/* Begin PBXBuildFile section */
		972CE0C3249CCBD700E7377F /* AppDelegate.swift in Sources */ = {isa = PBXBuildFile; fileRef = 972CE0C2249CCBD700E7377F /* AppDelegate.swift */; };
		972CE0C5249CCBD700E7377F /* SceneDelegate.swift in Sources */ = {isa = PBXBuildFile; fileRef = 972CE0C4249CCBD700E7377F /* SceneDelegate.swift */; };
		972CE0C7249CCBD700E7377F /* ViewController.swift in Sources */ = {isa = PBXBuildFile; fileRef = 972CE0C6249CCBD700E7377F /* ViewController.swift */; };
		972CE0CA249CCBD700E7377F /* Main.storyboard in Resources */ = {isa = PBXBuildFile; fileRef = 972CE0C8249CCBD700E7377F /* Main.storyboard */; };
		972CE0CC249CCBD900E7377F /* Assets.xcassets in Resources */ = {isa = PBXBuildFile; fileRef = 972CE0CB249CCBD900E7377F /* Assets.xcassets */; };
		972CE0CF249CCBD900E7377F /* LaunchScreen.storyboard in Resources */ = {isa = PBXBuildFile; fileRef = 972CE0CD249CCBD900E7377F /* LaunchScreen.storyboard */; };
/* End PBXBuildFile section */

/* Begin PBXFileReference section */
		972CE0BF249CCBD700E7377F /* MagicYouPlayer.app */ = {isa = PBXFileReference; explicitFileType = wrapper.application; includeInIndex = 0; path = MagicYouPlayer.app; sourceTree = BUILT_PRODUCTS_DIR; };
		972CE0C2249CCBD700E7377F /* AppDelegate.swift */ = {isa = PBXFileReference; lastKnownFileType = sourcecode.swift; path = AppDelegate.swift; sourceTree = "<group>"; };
		972CE0C4249CCBD700E7377F /* SceneDelegate.swift */ = {isa = PBXFileReference; lastKnownFileType = sourcecode.swift; path = SceneDelegate.swift; sourceTree = "<group>"; };
		972CE0C6249CCBD700E7377F /* ViewController.swift */ = {isa = PBXFileReference; lastKnownFileType = sourcecode.swift; path = ViewController.swift; sourceTree = "<group>"; };
		972CE0C9249CCBD700E7377F /* Base */ = {isa = PBXFileReference; lastKnownFileType = file.storyboard; name = Base; path = Base.lproj/Main.storyboard; sourceTree = "<group>"; };
		972CE0CB249CCBD900E7377F /* Assets.xcassets */ = {isa = PBXFileReference; lastKnownFileType = folder.assetcatalog; path = Assets.xcassets; sourceTree = "<group>"; };
		972CE0CE249CCBD900E7377F /* Base */ = {isa = PBXFileReference; lastKnownFileType = file.storyboard; name = Base; path = Base.lproj/LaunchScreen.storyboard; sourceTree = "<group>"; };
		972CE0D0249CCBD900E7377F /* Info.plist */ = {isa = PBXFileReference; lastKnownFileType = text.plist.xml; path = Info.plist; sourceTree = "<group>"; };
/* End PBXFileReference section */

/* Begin PBXFrameworksBuildPhase section */
		972CE0BC249CCBD700E7377F /* Frameworks */ = {
			isa = PBXFrameworksBuildPhase;
			buildActionMask = 2147483647;
			files = (
			);
			runOnlyForDeploymentPostprocessing = 0;
		};
/* End PBXFrameworksBuildPhase section */

/* Begin PBXGroup section */
		972CE0B6249CCBD700E7377F = {
			isa = PBXGroup;
			children = (
				972CE0C1249CCBD700E7377F /* MagicYouPlayer */,
				972CE0C0249CCBD700E7377F /* Products */,
			);
			sourceTree = "<group>";
		};
		972CE0C0249CCBD700E7377F /* Products */ = {
			isa = PBXGroup;
			children = (
				972CE0BF249CCBD700E7377F /* MagicYouPlayer.app */,
			);
			name = Products;
			sourceTree = "<group>";
		};
		972CE0C1249CCBD700E7377F /* MagicYouPlayer */ = {
			isa = PBXGroup;
			children = (
				972CE0C2249CCBD700E7377F /* AppDelegate.swift */,
				972CE0C4249CCBD700E7377F /* SceneDelegate.swift */,
				972CE0C6249CCBD700E7377F /* ViewController.swift */,
				972CE0C8249CCBD700E7377F /* Main.storyboard */,
				972CE0CB249CCBD900E7377F /* Assets.xcassets */,
				972CE0CD249CCBD900E7377F /* LaunchScreen.storyboard */,
				972CE0D0249CCBD900E7377F /* Info.plist */,
			);
			path = MagicYouPlayer;
			sourceTree = "<group>";
		};
/* End PBXGroup section */

/* Begin PBXNativeTarget section */
		972CE0BE249CCBD700E7377F /* MagicYouPlayer */ = {
			isa = PBXNativeTarget;
			buildConfigurationList = 972CE0D3249CCBD900E7377F /* Build configuration list for PBXNativeTarget "MagicYouPlayer" */;
			buildPhases = (
				972CE0BB249CCBD700E7377F /* Sources */,
				972CE0BC249CCBD700E7377F /* Frameworks */,
				972CE0BD249CCBD700E7377F /* Resources */,
			);
			buildRules = (
			);
			dependencies = (
			);
			name = MagicYouPlayer;
			productName = MagicYouPlayer;
			productReference = 972CE0BF249CCBD700E7377F /* MagicYouPlayer.app */;
			productType = "com.apple.product-type.application";
		};
/* End PBXNativeTarget section */

/* Begin PBXProject section */
		972CE0B7249CCBD700E7377F /* Project object */ = {
			isa = PBXProject;
			attributes = {
				LastSwiftUpdateCheck = 1140;
				LastUpgradeCheck = 1140;
				ORGANIZATIONNAME = "alexey sorochan";
				TargetAttributes = {
					972CE0BE249CCBD700E7377F = {
						CreatedOnToolsVersion = 11.4.1;
					};
				};
			};
			buildConfigurationList = 972CE0BA249CCBD700E7377F /* Build configuration list for PBXProject "MagicYouPlayer" */;
			compatibilityVersion = "Xcode 9.3";
			developmentRegion = en;
			hasScannedForEncodings = 0;
			knownRegions = (
				en,
				Base,
			);
			mainGroup = 972CE0B6249CCBD700E7377F;
			productRefGroup = 972CE0C0249CCBD700E7377F /* Products */;
			projectDirPath = "";
			projectRoot = "";
			targets = (
				972CE0BE249CCBD700E7377F /* MagicYouPlayer */,
			);
		};
/* End PBXProject section */

/* Begin PBXResourcesBuildPhase section */
		972CE0BD249CCBD700E7377F /* Resources */ = {
			isa = PBXResourcesBuildPhase;
			buildActionMask = 2147483647;
			files = (
				972CE0CF249CCBD900E7377F /* LaunchScreen.storyboard in Resources */,
				972CE0CC249CCBD900E7377F /* Assets.xcassets in Resources */,
				972CE0CA249CCBD700E7377F /* Main.storyboard in Resources */,
			);
			runOnlyForDeploymentPostprocessing = 0;
		};
/* End PBXResourcesBuildPhase section */

/* Begin PBXSourcesBuildPhase section */
		972CE0BB249CCBD700E7377F /* Sources */ = {
			isa = PBXSourcesBuildPhase;
			buildActionMask = 2147483647;
			files = (
				972CE0C7249CCBD700E7377F /* ViewController.swift in Sources */,
				972CE0C3249CCBD700E7377F /* AppDelegate.swift in Sources */,
				972CE0C5249CCBD700E7377F /* SceneDelegate.swift in Sources */,
			);
			runOnlyForDeploymentPostprocessing = 0;
		};
/* End PBXSourcesBuildPhase section */

/* Begin PBXVariantGroup section */
		972CE0C8249CCBD700E7377F /* Main.storyboard */ = {
			isa = PBXVariantGroup;
			children = (
				972CE0C9249CCBD700E7377F /* Base */,
			);
			name = Main.storyboard;
			sourceTree = "<group>";
		};
		972CE0CD249CCBD900E7377F /* LaunchScreen.storyboard */ = {
			isa = PBXVariantGroup;
			children = (
				972CE0CE249CCBD900E7377F /* Base */,
			);
			name = LaunchScreen.storyboard;
			sourceTree = "<group>";
		};
/* End PBXVariantGroup section */

/* Begin XCBuildConfiguration section */
		972CE0D1249CCBD900E7377F /* Debug */ = {
			isa = XCBuildConfiguration;
			buildSettings = {
				ALWAYS_SEARCH_USER_PATHS = NO;
				CLANG_ANALYZER_NONNULL = YES;
				CLANG_ANALYZER_NUMBER_OBJECT_CONVERSION = YES_AGGRESSIVE;
				CLANG_CXX_LANGUAGE_STANDARD = "gnu++14";
				CLANG_CXX_LIBRARY = "libc++";
				CLANG_ENABLE_MODULES = YES;
				CLANG_ENABLE_OBJC_ARC = YES;
				CLANG_ENABLE_OBJC_WEAK = YES;
				CLANG_WARN_BLOCK_CAPTURE_AUTORELEASING = YES;
				CLANG_WARN_BOOL_CONVERSION = YES;
				CLANG_WARN_COMMA = YES;
				CLANG_WARN_CONSTANT_CONVERSION = YES;
				CLANG_WARN_DEPRECATED_OBJC_IMPLEMENTATIONS = YES;
				CLANG_WARN_DIRECT_OBJC_ISA_USAGE = YES_ERROR;
				CLANG_WARN_DOCUMENTATION_COMMENTS = YES;
				CLANG_WARN_EMPTY_BODY = YES;
				CLANG_WARN_ENUM_CONVERSION = YES;
				CLANG_WARN_INFINITE_RECURSION = YES;
				CLANG_WARN_INT_CONVERSION = YES;
				CLANG_WARN_NON_LITERAL_NULL_CONVERSION = YES;
				CLANG_WARN_OBJC_IMPLICIT_RETAIN_SELF = YES;
				CLANG_WARN_OBJC_LITERAL_CONVERSION = YES;
				CLANG_WARN_OBJC_ROOT_CLASS = YES_ERROR;
				CLANG_WARN_RANGE_LOOP_ANALYSIS = YES;
				CLANG_WARN_STRICT_PROTOTYPES = YES;
				CLANG_WARN_SUSPICIOUS_MOVE = YES;
				CLANG_WARN_UNGUARDED_AVAILABILITY = YES_AGGRESSIVE;
				CLANG_WARN_UNREACHABLE_CODE = YES;
				CLANG_WARN__DUPLICATE_METHOD_MATCH = YES;
				COPY_PHASE_STRIP = NO;
				DEBUG_INFORMATION_FORMAT = dwarf;
				ENABLE_STRICT_OBJC_MSGSEND = YES;
				ENABLE_TESTABILITY = YES;
				GCC_C_LANGUAGE_STANDARD = gnu11;
				GCC_DYNAMIC_NO_PIC = NO;
				GCC_NO_COMMON_BLOCKS = YES;
				GCC_OPTIMIZATION_LEVEL = 0;
				GCC_PREPROCESSOR_DEFINITIONS = (
					"DEBUG=1",
					"$(inherited)",
				);
				GCC_WARN_64_TO_32_BIT_CONVERSION = YES;
				GCC_WARN_ABOUT_RETURN_TYPE = YES_ERROR;
				GCC_WARN_UNDECLARED_SELECTOR = YES;
				GCC_WARN_UNINITIALIZED_AUTOS = YES_AGGRESSIVE;
				GCC_WARN_UNUSED_FUNCTION = YES;
				GCC_WARN_UNUSED_VARIABLE = YES;
				IPHONEOS_DEPLOYMENT_TARGET = 13.4;
				MTL_ENABLE_DEBUG_INFO = INCLUDE_SOURCE;
				MTL_FAST_MATH = YES;
				ONLY_ACTIVE_ARCH = YES;
				SDKROOT = iphoneos;
				SWIFT_ACTIVE_COMPILATION_CONDITIONS = DEBUG;
				SWIFT_OPTIMIZATION_LEVEL = "-Onone";
			};
			name = Debug;
		};
		972CE0D2249CCBD900E7377F /* Release */ = {
			isa = XCBuildConfiguration;
			buildSettings = {
				ALWAYS_SEARCH_USER_PATHS = NO;
				CLANG_ANALYZER_NONNULL = YES;
				CLANG_ANALYZER_NUMBER_OBJECT_CONVERSION = YES_AGGRESSIVE;
				CLANG_CXX_LANGUAGE_STANDARD = "gnu++14";
				CLANG_CXX_LIBRARY = "libc++";
				CLANG_ENABLE_MODULES = YES;
				CLANG_ENABLE_OBJC_ARC = YES;
				CLANG_ENABLE_OBJC_WEAK = YES;
				CLANG_WARN_BLOCK_CAPTURE_AUTORELEASING = YES;
				CLANG_WARN_BOOL_CONVERSION = YES;
				CLANG_WARN_COMMA = YES;
				CLANG_WARN_CONSTANT_CONVERSION = YES;
				CLANG_WARN_DEPRECATED_OBJC_IMPLEMENTATIONS = YES;
				CLANG_WARN_DIRECT_OBJC_ISA_USAGE = YES_ERROR;
				CLANG_WARN_DOCUMENTATION_COMMENTS = YES;
				CLANG_WARN_EMPTY_BODY = YES;
				CLANG_WARN_ENUM_CONVERSION = YES;
				CLANG_WARN_INFINITE_RECURSION = YES;
				CLANG_WARN_INT_CONVERSION = YES;
				CLANG_WARN_NON_LITERAL_NULL_CONVERSION = YES;
				CLANG_WARN_OBJC_IMPLICIT_RETAIN_SELF = YES;
				CLANG_WARN_OBJC_LITERAL_CONVERSION = YES;
				CLANG_WARN_OBJC_ROOT_CLASS = YES_ERROR;
				CLANG_WARN_RANGE_LOOP_ANALYSIS = YES;
				CLANG_WARN_STRICT_PROTOTYPES = YES;
				CLANG_WARN_SUSPICIOUS_MOVE = YES;
				CLANG_WARN_UNGUARDED_AVAILABILITY = YES_AGGRESSIVE;
				CLANG_WARN_UNREACHABLE_CODE = YES;
				CLANG_WARN__DUPLICATE_METHOD_MATCH = YES;
				COPY_PHASE_STRIP = NO;
				DEBUG_INFORMATION_FORMAT = "dwarf-with-dsym";
				ENABLE_NS_ASSERTIONS = NO;
				ENABLE_STRICT_OBJC_MSGSEND = YES;
				GCC_C_LANGUAGE_STANDARD = gnu11;
				GCC_NO_COMMON_BLOCKS = YES;
				GCC_WARN_64_TO_32_BIT_CONVERSION = YES;
				GCC_WARN_ABOUT_RETURN_TYPE = YES_ERROR;
				GCC_WARN_UNDECLARED_SELECTOR = YES;
				GCC_WARN_UNINITIALIZED_AUTOS = YES_AGGRESSIVE;
				GCC_WARN_UNUSED_FUNCTION = YES;
				GCC_WARN_UNUSED_VARIABLE = YES;
				IPHONEOS_DEPLOYMENT_TARGET = 13.4;
				MTL_ENABLE_DEBUG_INFO = NO;
				MTL_FAST_MATH = YES;
				SDKROOT = iphoneos;
				SWIFT_COMPILATION_MODE = wholemodule;
				SWIFT_OPTIMIZATION_LEVEL = "-O";
				VALIDATE_PRODUCT = YES;
			};
			name = Release;
		};
		972CE0D4249CCBD900E7377F /* Debug */ = {
			isa = XCBuildConfiguration;
			buildSettings = {
				ASSETCATALOG_COMPILER_APPICON_NAME = AppIcon;
				CODE_SIGN_STYLE = Automatic;
				DEVELOPMENT_TEAM = NWX6LJCJ67;
				INFOPLIST_FILE = MagicYouPlayer/Info.plist;
				LD_RUNPATH_SEARCH_PATHS = (
					"$(inherited)",
					"@executable_path/Frameworks",
				);
				PRODUCT_BUNDLE_IDENTIFIER = com.alexeysorochan.MagicYouPlayer;
				PRODUCT_NAME = "$(TARGET_NAME)";
				SWIFT_VERSION = 5.0;
				TARGETED_DEVICE_FAMILY = "1,2";
			};
			name = Debug;
		};
		972CE0D5249CCBD900E7377F /* Release */ = {
			isa = XCBuildConfiguration;
			buildSettings = {
				ASSETCATALOG_COMPILER_APPICON_NAME = AppIcon;
				CODE_SIGN_STYLE = Automatic;
				DEVELOPMENT_TEAM = NWX6LJCJ67;
				INFOPLIST_FILE = MagicYouPlayer/Info.plist;
				LD_RUNPATH_SEARCH_PATHS = (
					"$(inherited)",
					"@executable_path/Frameworks",
				);
				PRODUCT_BUNDLE_IDENTIFIER = com.alexeysorochan.MagicYouPlayer;
				PRODUCT_NAME = "$(TARGET_NAME)";
				SWIFT_VERSION = 5.0;
				TARGETED_DEVICE_FAMILY = "1,2";
			};
			name = Release;
		};
/* End XCBuildConfiguration section */

/* Begin XCConfigurationList section */
		972CE0BA249CCBD700E7377F /* Build configuration list for PBXProject "MagicYouPlayer" */ = {
			isa = XCConfigurationList;
			buildConfigurations = (
				972CE0D1249CCBD900E7377F /* Debug */,
				972CE0D2249CCBD900E7377F /* Release */,
			);
			defaultConfigurationIsVisible = 0;
			defaultConfigurationName = Release;
		};
		972CE0D3249CCBD900E7377F /* Build configuration list for PBXNativeTarget "MagicYouPlayer" */ = {
			isa = XCConfigurationList;
			buildConfigurations = (
				972CE0D4249CCBD900E7377F /* Debug */,
				972CE0D5249CCBD900E7377F /* Release */,
			);
			defaultConfigurationIsVisible = 0;
			defaultConfigurationName = Release;
		};
/* End XCConfigurationList section */
	};
	rootObject = 972CE0B7249CCBD700E7377F /* Project object */;
}
